
Microsoft Visual Studio Solution File, Format Version 12.00
# Visual Studio Version 16
VisualStudioVersion = 25.0.1705.4
MinimumVisualStudioVersion = 10.0.40219.1
Project("{FAE04EC0-301F-11D3-BF4B-00C04F79EFBC}") = "app", "app\app.csproj", "{AD988A37-832A-4FC4-A06B-B7C39365A3D3}"
EndProject
Global
	GlobalSection(SolutionConfigurationPlatforms) = preSolution
		Debug|Any CPU = Debug|Any CPU
		Release|Any CPU = Release|Any CPU
	EndGlobalSection
	GlobalSection(ProjectConfigurationPlatforms) = postSolution
		{AD988A37-832A-4FC4-A06B-B7C39365A3D3}.Debug|Any CPU.ActiveCfg = Debug|Any CPU
		{AD988A37-832A-4FC4-A06B-B7C39365A3D3}.Debug|Any CPU.Build.0 = Debug|Any CPU
		{AD988A37-832A-4FC4-A06B-B7C39365A3D3}.Release|Any CPU.ActiveCfg = Release|Any CPU
		{AD988A37-832A-4FC4-A06B-B7C39365A3D3}.Release|Any CPU.Build.0 = Release|Any CPU
	EndGlobalSection
	GlobalSection(SolutionProperties) = preSolution
		HideSolutionNode = FALSE
	EndGlobalSection
	GlobalSection(ExtensibilityGlobals) = postSolution
		SolutionGuid = {20660AF3-B719-4858-8432-E294A52CAA2A}
	EndGlobalSection
EndGlobal
